PODS:
  - LGSideMenuController (1.0.10)
  - SVProgressHUD (1.1.3)
  - UMengAnalytics (3.6.6)

DEPENDENCIES:
  - LGSideMenuController
  - SVProgressHUD
  - UMengAnalytics

SPEC CHECKSUMS:
  LGSideMenuController: 8682bdbd0008c1acfbce95eaf96cc3657bca5f95
  SVProgressHUD: 748080e4f36e603f6c02aec292664239df5279c1
  UMengAnalytics: 4bf831415146b9c57cb10be65fbd43462ef8cf65

COCOAPODS: 0.39.0
